
Microsoft Visual Studio Solution File, Format Version 12.00
# Visual Studio 14
VisualStudioVersion = 14.0.25420.1
MinimumVisualStudioVersion = 10.0.40219.1
Project("{FAE04EC0-301F-11D3-BF4B-00C04F79EFBC}") = "turingMachine", "turingMachine.csproj", "{DD091234-4F14-498C-BF1B-1AE99F26543D}"
EndProject
Global
	GlobalSection(SolutionConfigurationPlatforms) = preSolution
		Debug|Any CPU = Debug|Any CPU
		Release|Any CPU = Release|Any CPU
	EndGlobalSection
	GlobalSection(ProjectConfigurationPlatforms) = postSolution
		{DD091234-4F14-498C-BF1B-1AE99F26543D}.Debug|Any CPU.ActiveCfg = Debug|Any CPU
		{DD091234-4F14-498C-BF1B-1AE99F26543D}.Debug|Any CPU.Build.0 = Debug|Any CPU
		{DD091234-4F14-498C-BF1B-1AE99F26543D}.Release|Any CPU.ActiveCfg = Release|Any CPU
		{DD091234-4F14-498C-BF1B-1AE99F26543D}.Release|Any CPU.Build.0 = Release|Any CPU
	EndGlobalSection
	GlobalSection(SolutionProperties) = preSolution
		HideSolutionNode = FALSE
	EndGlobalSection
EndGlobal
